
Microsoft Visual Studio Solution File, Format Version 12.00
# Visual Studio Version 16
VisualStudioVersion = 16.0.30711.63
MinimumVisualStudioVersion = 10.0.40219.1
Project("{FAE04EC0-301F-11D3-BF4B-00C04F79EFBC}") = "Skill Group", "Skill Group\Skill Group.csproj", "{31FED1D2-70D9-4D3C-BDDA-09521C891B7C}"
EndProject
Global
	GlobalSection(SolutionConfigurationPlatforms) = preSolution
		Debug|Any CPU = Debug|Any CPU
		Release|Any CPU = Release|Any CPU
	EndGlobalSection
	GlobalSection(ProjectConfigurationPlatforms) = postSolution
		{31FED1D2-70D9-4D3C-BDDA-09521C891B7C}.Debug|Any CPU.ActiveCfg = Debug|Any CPU
		{31FED1D2-70D9-4D3C-BDDA-09521C891B7C}.Debug|Any CPU.Build.0 = Debug|Any CPU
		{31FED1D2-70D9-4D3C-BDDA-09521C891B7C}.Release|Any CPU.ActiveCfg = Release|Any CPU
		{31FED1D2-70D9-4D3C-BDDA-09521C891B7C}.Release|Any CPU.Build.0 = Release|Any CPU
	EndGlobalSection
	GlobalSection(SolutionProperties) = preSolution
		HideSolutionNode = FALSE
	EndGlobalSection
	GlobalSection(ExtensibilityGlobals) = postSolution
		SolutionGuid = {E46D43C3-0C67-46ED-BE9C-29CBAA39552D}
	EndGlobalSection
EndGlobal
